<?xml version="1.0" encoding="utf-8"?>
<Project ToolsVersion="4.0" xmlns="http://schemas.microsoft.com/developer/msbuild/2003">
  <ItemGroup>
    <Filter Include="com_utils">
      <UniqueIdentifier>{b23d43d7-b904-4566-bbbe-2d2b677efb7d}</UniqueIdentifier>
    </Filter>
    <Filter Include="config">
      <UniqueIdentifier>{3a9d2773-53cc-42cc-8c4d-b8e23af110e5}</UniqueIdentifier>
    </Filter>
    <Filter Include="events">
      <UniqueIdentifier>{909a5207-b341-4a10-847c-d77a4165b51a}</UniqueIdentifier>
    </Filter>
    <Filter Include="interfaces">
      <UniqueIdentifier>{c4000729-60ea-4d25-9bb1-b9b5de5c612e}</UniqueIdentifier>
    </Filter>
    <Filter Include="js_backend">
      <UniqueIdentifier>{82fda107-c970-4ad4-9ad2-b6aae7fddd6d}</UniqueIdentifier>
    </Filter>
    <Filter Include="namespaces">
      <UniqueIdentifier>{a7239c8c-3acf-4e4f-9e79-c72ed2555921}</UniqueIdentifier>
    </Filter>
    <Filter Include="panel">
      <UniqueIdentifier>{2f9c6262-875a-41df-aa19-160e57b518a8}</UniqueIdentifier>
    </Filter>
    <Filter Include="resources">
      <UniqueIdentifier>{c5622339-902d-4569-9e43-3a9dab7b21a7}</UniqueIdentifier>
    </Filter>
    <Filter Include="timeout">
      <UniqueIdentifier>{19b3e8c9-9302-44fe-8178-88312a4df487}</UniqueIdentifier>
    </Filter>
    <Filter Include="ui">
      <UniqueIdentifier>{6cdd963f-4f38-4310-b440-f96d5e5d2df5}</UniqueIdentifier>
    </Filter>
    <Filter Include="ui\ui_conf">
      <UniqueIdentifier>{e5a5165b-0c8d-4a75-a97d-936d99361cbf}</UniqueIdentifier>
    </Filter>
    <Filter Include="utils">
      <UniqueIdentifier>{047b1a54-ba81-4cee-910d-751ebb3953fe}</UniqueIdentifier>
    </Filter>
    <Filter Include="FB2K">
      <UniqueIdentifier>{f0c4b951-f3df-4999-9345-06cdb777b87a}</UniqueIdentifier>
    </Filter>
    <Filter Include="FB2K\Callbacks">
      <UniqueIdentifier>{b36d1c28-d6c7-4d34-ab1f-eee3bccd68e5}</UniqueIdentifier>
    </Filter>
    <Filter Include="Helpers">
      <UniqueIdentifier>{34635d9a-f913-4843-bf73-18abf0c99179}</UniqueIdentifier>
    </Filter>
    <Filter Include="Helpers\Scintilla">
      <UniqueIdentifier>{39924bb2-426d-436d-8849-e783d5546157}</UniqueIdentifier>
    </Filter>
  </ItemGroup>
  <ItemGroup>
    <ClCompile Include="com_utils\com_destruction_handler.cpp">
      <Filter>com_utils</Filter>
    </ClCompile>
    <ClCompile Include="com_utils\drag_image.cpp">
      <Filter>com_utils</Filter>
    </ClCompile>
    <ClCompile Include="com_utils\drag_utils.cpp">
      <Filter>com_utils</Filter>
    </ClCompile>
    <ClCompile Include="com_utils\drop_source_impl.cpp">
      <Filter>com_utils</Filter>
    </ClCompile>
    <ClCompile Include="com_utils\drop_target_impl.cpp">
      <Filter>com_utils</Filter>
    </ClCompile>
    <ClCompile Include="com_utils\file_drop_target.cpp">
      <Filter>com_utils</Filter>
    </ClCompile>
    <ClCompile Include="com_utils\track_drop_target.cpp">
      <Filter>com_utils</Filter>
    </ClCompile>
    <ClCompile Include="config\advanced_config.cpp">
      <Filter>config</Filter>
    </ClCompile>
    <ClCompile Include="config\delayed_package_utils.cpp">
      <Filter>config</Filter>
    </ClCompile>
    <ClCompile Include="config\package_utils.cpp">
      <Filter>config</Filter>
    </ClCompile>
    <ClCompile Include="config\panel_config.cpp">
      <Filter>config</Filter>
    </ClCompile>
    <ClCompile Include="config\parsed_panel_config.cpp">
      <Filter>config</Filter>
    </ClCompile>
    <ClCompile Include="events\event.cpp">
      <Filter>events</Filter>
    </ClCompile>
    <ClCompile Include="events\event_dispatcher.cpp">
      <Filter>events</Filter>
    </ClCompile>
    <ClCompile Include="events\event_drag.cpp">
      <Filter>events</Filter>
    </ClCompile>
    <ClCompile Include="events\event_mouse.cpp">
      <Filter>events</Filter>
    </ClCompile>
    <ClCompile Include="events\event_notify_others.cpp">
      <Filter>events</Filter>
    </ClCompile>
    <ClCompile Include="events\task_controller.cpp">
      <Filter>events</Filter>
    </ClCompile>
    <ClCompile Include="interfaces\active_x_object.cpp">
      <Filter>interfaces</Filter>
    </ClCompile>
    <ClCompile Include="interfaces\active_x_object_iterator.cpp">
      <Filter>interfaces</Filter>
    </ClCompile>
    <ClCompile Include="interfaces\context_menu_manager.cpp">
      <Filter>interfaces</Filter>
    </ClCompile>
    <ClCompile Include="interfaces\drop_source_action.cpp">
      <Filter>interfaces</Filter>
    </ClCompile>
    <ClCompile Include="interfaces\enumerator.cpp">
      <Filter>interfaces</Filter>
    </ClCompile>
    <ClCompile Include="interfaces\fb_audio_chunk.cpp">
      <Filter>interfaces</Filter>
    </ClCompile>
    <ClCompile Include="interfaces\fb_file_info.cpp">
      <Filter>interfaces</Filter>
    </ClCompile>
    <ClCompile Include="interfaces\fb_metadb_handle.cpp">
      <Filter>interfaces</Filter>
    </ClCompile>
    <ClCompile Include="interfaces\fb_metadb_handle_list.cpp">
      <Filter>interfaces</Filter>
    </ClCompile>
    <ClCompile Include="interfaces\fb_metadb_handle_list_iterator.cpp">
      <Filter>interfaces</Filter>
    </ClCompile>
    <ClCompile Include="interfaces\fb_playback_queue_item.cpp">
      <Filter>interfaces</Filter>
    </ClCompile>
    <ClCompile Include="interfaces\fb_playlist_recycler.cpp">
      <Filter>interfaces</Filter>
    </ClCompile>
    <ClCompile Include="interfaces\fb_profiler.cpp">
      <Filter>interfaces</Filter>
    </ClCompile>
    <ClCompile Include="interfaces\fb_title_format.cpp">
      <Filter>interfaces</Filter>
    </ClCompile>
    <ClCompile Include="interfaces\fb_tooltip.cpp">
      <Filter>interfaces</Filter>
    </ClCompile>
    <ClCompile Include="interfaces\fb_ui_selection_holder.cpp">
      <Filter>interfaces</Filter>
    </ClCompile>
    <ClCompile Include="interfaces\gdi_bitmap.cpp">
      <Filter>interfaces</Filter>
    </ClCompile>
    <ClCompile Include="interfaces\gdi_font.cpp">
      <Filter>interfaces</Filter>
    </ClCompile>
    <ClCompile Include="interfaces\gdi_graphics.cpp">
      <Filter>interfaces</Filter>
    </ClCompile>
    <ClCompile Include="interfaces\gdi_raw_bitmap.cpp">
      <Filter>interfaces</Filter>
    </ClCompile>
    <ClCompile Include="interfaces\main_menu_manager.cpp">
      <Filter>interfaces</Filter>
    </ClCompile>
    <ClCompile Include="interfaces\measure_string_info.cpp">
      <Filter>interfaces</Filter>
    </ClCompile>
    <ClCompile Include="interfaces\menu_object.cpp">
      <Filter>interfaces</Filter>
    </ClCompile>
    <ClCompile Include="interfaces\theme_manager.cpp">
      <Filter>interfaces</Filter>
    </ClCompile>
    <ClCompile Include="js_backend\cached_utf8_paths_hack.cpp">
      <Filter>js_backend</Filter>
    </ClCompile>
    <ClCompile Include="js_backend\com_convert.cpp">
      <Filter>js_backend</Filter>
    </ClCompile>
    <ClCompile Include="js_backend\global_heap_manager.cpp">
      <Filter>js_backend</Filter>
    </ClCompile>
    <ClCompile Include="js_backend\global_object.cpp">
      <Filter>js_backend</Filter>
    </ClCompile>
    <ClCompile Include="js_backend\heartbeat_window.cpp">
      <Filter>js_backend</Filter>
    </ClCompile>
    <ClCompile Include="js_backend\js_art_helpers.cpp">
      <Filter>js_backend</Filter>
    </ClCompile>
    <ClCompile Include="js_backend\js_container.cpp">
      <Filter>js_backend</Filter>
    </ClCompile>
    <ClCompile Include="js_backend\js_engine.cpp">
      <Filter>js_backend</Filter>
    </ClCompile>
    <ClCompile Include="js_backend\js_error_helper.cpp">
      <Filter>js_backend</Filter>
    </ClCompile>
    <ClCompile Include="js_backend\js_error_scope.cpp">
      <Filter>js_backend</Filter>
    </ClCompile>
    <ClCompile Include="js_backend\js_gc.cpp">
      <Filter>js_backend</Filter>
    </ClCompile>
    <ClCompile Include="js_backend\js_image_helpers.cpp">
      <Filter>js_backend</Filter>
    </ClCompile>
    <ClCompile Include="js_backend\js_monitor.cpp">
      <Filter>js_backend</Filter>
    </ClCompile>
    <ClCompile Include="js_backend\js_object_helper.cpp">
      <Filter>js_backend</Filter>
    </ClCompile>
    <ClCompile Include="js_backend\js_realm_inner.cpp">
      <Filter>js_backend</Filter>
    </ClCompile>
    <ClCompile Include="js_backend\js_script_cache.cpp">
      <Filter>js_backend</Filter>
    </ClCompile>
    <ClCompile Include="js_backend\js_to_native.cpp">
      <Filter>js_backend</Filter>
    </ClCompile>
    <ClCompile Include="js_backend\native_to_js.cpp">
      <Filter>js_backend</Filter>
    </ClCompile>
    <ClCompile Include="namespaces\console.cpp">
      <Filter>namespaces</Filter>
    </ClCompile>
    <ClCompile Include="namespaces\fb.cpp">
      <Filter>namespaces</Filter>
    </ClCompile>
    <ClCompile Include="namespaces\gdi.cpp">
      <Filter>namespaces</Filter>
    </ClCompile>
    <ClCompile Include="namespaces\plman.cpp">
      <Filter>namespaces</Filter>
    </ClCompile>
    <ClCompile Include="namespaces\utils.cpp">
      <Filter>namespaces</Filter>
    </ClCompile>
    <ClCompile Include="namespaces\window.cpp">
      <Filter>namespaces</Filter>
    </ClCompile>
    <ClCompile Include="panel\edit_script.cpp">
      <Filter>panel</Filter>
    </ClCompile>
    <ClCompile Include="panel\js_panel_window.cpp">
      <Filter>panel</Filter>
    </ClCompile>
    <ClCompile Include="panel\js_panel_window_cui.cpp">
      <Filter>panel</Filter>
    </ClCompile>
    <ClCompile Include="panel\js_panel_window_dui.cpp">
      <Filter>panel</Filter>
    </ClCompile>
    <ClCompile Include="panel\modal_blocking_scope.cpp">
      <Filter>panel</Filter>
    </ClCompile>
    <ClCompile Include="timeout\timeout.cpp">
      <Filter>timeout</Filter>
    </ClCompile>
    <ClCompile Include="timeout\timeout_executor.cpp">
      <Filter>timeout</Filter>
    </ClCompile>
    <ClCompile Include="timeout\timeout_manager.cpp">
      <Filter>timeout</Filter>
    </ClCompile>
    <ClCompile Include="timeout\timer_manager_native.cpp">
      <Filter>timeout</Filter>
    </ClCompile>
    <ClCompile Include="timeout\timer_native.cpp">
      <Filter>timeout</Filter>
    </ClCompile>
    <ClCompile Include="ui\ui_edit_in_progress.cpp">
      <Filter>ui</Filter>
    </ClCompile>
    <ClCompile Include="ui\ui_html.cpp">
      <Filter>ui</Filter>
    </ClCompile>
    <ClCompile Include="ui\ui_input_box.cpp">
      <Filter>ui</Filter>
    </ClCompile>
    <ClCompile Include="ui\ui_package_manager.cpp">
      <Filter>ui</Filter>
    </ClCompile>
    <ClCompile Include="ui\ui_properties.cpp">
      <Filter>ui</Filter>
    </ClCompile>
    <ClCompile Include="ui\ui_slow_script.cpp">
      <Filter>ui</Filter>
    </ClCompile>
    <ClCompile Include="ui\ui_conf\ui_conf.cpp">
      <Filter>ui\ui_conf</Filter>
    </ClCompile>
    <ClCompile Include="ui\ui_conf\ui_conf_tab_package.cpp">
      <Filter>ui\ui_conf</Filter>
    </ClCompile>
    <ClCompile Include="ui\ui_conf\ui_conf_tab_script_source.cpp">
      <Filter>ui\ui_conf</Filter>
    </ClCompile>
    <ClCompile Include="utils\edit_text.cpp">
      <Filter>utils</Filter>
    </ClCompile>
    <ClCompile Include="utils\error_popup.cpp">
      <Filter>utils</Filter>
    </ClCompile>
    <ClCompile Include="utils\error_helpers.cpp">
      <Filter>utils</Filter>
    </ClCompile>
    <ClCompile Include="utils\guid_helpers.cpp">
      <Filter>utils</Filter>
    </ClCompile>
    <ClCompile Include="utils\hook_handler.cpp">
      <Filter>utils</Filter>
    </ClCompile>
    <ClCompile Include="utils\image_helpers.cpp">
      <Filter>utils</Filter>
    </ClCompile>
    <ClCompile Include="utils\mainmenu.cpp">
      <Filter>utils</Filter>
    </ClCompile>
    <ClCompile Include="utils\mainmenu_dynamic.cpp">
      <Filter>utils</Filter>
    </ClCompile>
    <ClCompile Include="utils\menu_helpers.cpp">
      <Filter>utils</Filter>
    </ClCompile>
    <ClCompile Include="utils\thread_pool.cpp">
      <Filter>utils</Filter>
    </ClCompile>
    <ClCompile Include="utils\unicode.cpp">
      <Filter>utils</Filter>
    </ClCompile>
    <ClCompile Include="utils\winapi_error_helpers.cpp">
      <Filter>utils</Filter>
    </ClCompile>
    <ClCompile Include="utils\zip_utils.cpp">
      <Filter>utils</Filter>
    </ClCompile>
    <ClCompile Include="Component.cpp" />
    <ClCompile Include="InitQuit.cpp" />
    <ClCompile Include="Paths.cpp" />
    <ClCompile Include="PCH.cpp" />
    <ClCompile Include="FB2K\Callbacks\ConfigObjectNotify.cpp">
      <Filter>FB2K\Callbacks</Filter>
    </ClCompile>
    <ClCompile Include="FB2K\Callbacks\ConsoleNotify.cpp">
      <Filter>FB2K\Callbacks</Filter>
    </ClCompile>
    <ClCompile Include="FB2K\Callbacks\DSPConfigCallback.cpp">
      <Filter>FB2K\Callbacks</Filter>
    </ClCompile>
    <ClCompile Include="FB2K\Callbacks\LibraryCallback.cpp">
      <Filter>FB2K\Callbacks</Filter>
    </ClCompile>
    <ClCompile Include="FB2K\Callbacks\MetadbIOCallback.cpp">
      <Filter>FB2K\Callbacks</Filter>
    </ClCompile>
    <ClCompile Include="FB2K\Callbacks\OutputConfigChangeCallback.cpp">
      <Filter>FB2K\Callbacks</Filter>
    </ClCompile>
    <ClCompile Include="FB2K\Callbacks\PlaybackQueueCallback.cpp">
      <Filter>FB2K\Callbacks</Filter>
    </ClCompile>
    <ClCompile Include="FB2K\Callbacks\PlaybackStatisticsCollector.cpp">
      <Filter>FB2K\Callbacks</Filter>
    </ClCompile>
    <ClCompile Include="FB2K\Callbacks\PlayCallbackStatic.cpp">
      <Filter>FB2K\Callbacks</Filter>
    </ClCompile>
    <ClCompile Include="FB2K\Callbacks\PlaylistCallbackStatic.cpp">
      <Filter>FB2K\Callbacks</Filter>
    </ClCompile>
    <ClCompile Include="FB2K\Callbacks\ReplaygainCoreSettingsNotify.cpp">
      <Filter>FB2K\Callbacks</Filter>
    </ClCompile>
    <ClCompile Include="FB2K\Callbacks\UISelectionCallback.cpp">
      <Filter>FB2K\Callbacks</Filter>
    </ClCompile>
    <ClCompile Include="FB2K\AlbumArtStatic.cpp">
      <Filter>FB2K</Filter>
    </ClCompile>
    <ClCompile Include="FB2K\API.cpp">
      <Filter>FB2K</Filter>
    </ClCompile>
    <ClCompile Include="FB2K\Attach.cpp">
      <Filter>FB2K</Filter>
    </ClCompile>
    <ClCompile Include="FB2K\ContextMenuCommand.cpp">
      <Filter>FB2K</Filter>
    </ClCompile>
    <ClCompile Include="FB2K\MainMenuCommand.cpp">
      <Filter>FB2K</Filter>
    </ClCompile>
    <ClCompile Include="FB2K\PlaylistLock.cpp">
      <Filter>FB2K</Filter>
    </ClCompile>
    <ClCompile Include="FB2K\ProcessLocationsNotify.cpp">
      <Filter>FB2K</Filter>
    </ClCompile>
    <ClCompile Include="FB2K\TagWriter.cpp">
      <Filter>FB2K</Filter>
    </ClCompile>
    <ClCompile Include="Helpers\DownloadFileAsync.cpp">
      <Filter>Helpers</Filter>
    </ClCompile>
    <ClCompile Include="Helpers\FileHelper.cpp">
      <Filter>Helpers</Filter>
    </ClCompile>
    <ClCompile Include="Helpers\HTTPRequestAsync.cpp">
      <Filter>Helpers</Filter>
    </ClCompile>
    <ClCompile Include="Helpers\StackBlur.cpp">
      <Filter>Helpers</Filter>
    </ClCompile>
    <ClCompile Include="Helpers\TextFile.cpp">
      <Filter>Helpers</Filter>
    </ClCompile>
    <ClCompile Include="Helpers\Scintilla\DialogEditor.cpp">
      <Filter>Helpers\Scintilla</Filter>
    </ClCompile>
    <ClCompile Include="Helpers\Scintilla\DialogFindReplace.cpp">
      <Filter>Helpers\Scintilla</Filter>
    </ClCompile>
    <ClCompile Include="Helpers\Scintilla\DialogGoto.cpp">
      <Filter>Helpers\Scintilla</Filter>
    </ClCompile>
    <ClCompile Include="Helpers\Scintilla\DialogStyle.cpp">
      <Filter>Helpers\Scintilla</Filter>
    </ClCompile>
    <ClCompile Include="Helpers\Scintilla\Scintilla.cpp">
      <Filter>Helpers\Scintilla</Filter>
    </ClCompile>
    <ClCompile Include="Helpers\Scintilla\ScintillaConfig.cpp">
      <Filter>Helpers\Scintilla</Filter>
    </ClCompile>
  </ItemGroup>
  <ItemGroup>
    <ClInclude Include="com_utils\com_destruction_handler.h">
      <Filter>com_utils</Filter>
    </ClInclude>
    <ClInclude Include="com_utils\com_tools.h">
      <Filter>com_utils</Filter>
    </ClInclude>
    <ClInclude Include="com_utils\dispatch_ptr.h">
      <Filter>com_utils</Filter>
    </ClInclude>
    <ClInclude Include="com_utils\drag_image.h">
      <Filter>com_utils</Filter>
    </ClInclude>
    <ClInclude Include="com_utils\drag_utils.h">
      <Filter>com_utils</Filter>
    </ClInclude>
    <ClInclude Include="com_utils\drop_source_impl.h">
      <Filter>com_utils</Filter>
    </ClInclude>
    <ClInclude Include="com_utils\drop_target_impl.h">
      <Filter>com_utils</Filter>
    </ClInclude>
    <ClInclude Include="com_utils\file_drop_target.h">
      <Filter>com_utils</Filter>
    </ClInclude>
    <ClInclude Include="com_utils\track_drop_target.h">
      <Filter>com_utils</Filter>
    </ClInclude>
    <ClInclude Include="config\advanced_config.h">
      <Filter>config</Filter>
    </ClInclude>
    <ClInclude Include="config\delayed_package_utils.h">
      <Filter>config</Filter>
    </ClInclude>
    <ClInclude Include="config\package_utils.h">
      <Filter>config</Filter>
    </ClInclude>
    <ClInclude Include="config\panel_config.h">
      <Filter>config</Filter>
    </ClInclude>
    <ClInclude Include="config\parsed_panel_config.h">
      <Filter>config</Filter>
    </ClInclude>
    <ClInclude Include="events\event.h">
      <Filter>events</Filter>
    </ClInclude>
    <ClInclude Include="events\event_dispatcher.h">
      <Filter>events</Filter>
    </ClInclude>
    <ClInclude Include="events\event_drag.h">
      <Filter>events</Filter>
    </ClInclude>
    <ClInclude Include="events\event_ids.h">
      <Filter>events</Filter>
    </ClInclude>
    <ClInclude Include="events\event_js_callback.h">
      <Filter>events</Filter>
    </ClInclude>
    <ClInclude Include="events\event_mouse.h">
      <Filter>events</Filter>
    </ClInclude>
    <ClInclude Include="events\event_notify_others.h">
      <Filter>events</Filter>
    </ClInclude>
    <ClInclude Include="events\task_controller.h">
      <Filter>events</Filter>
    </ClInclude>
    <ClInclude Include="interfaces\active_x_object.h">
      <Filter>interfaces</Filter>
    </ClInclude>
    <ClInclude Include="interfaces\active_x_object_iterator.h">
      <Filter>interfaces</Filter>
    </ClInclude>
    <ClInclude Include="interfaces\context_menu_manager.h">
      <Filter>interfaces</Filter>
    </ClInclude>
    <ClInclude Include="interfaces\drop_source_action.h">
      <Filter>interfaces</Filter>
    </ClInclude>
    <ClInclude Include="interfaces\enumerator.h">
      <Filter>interfaces</Filter>
    </ClInclude>
    <ClInclude Include="interfaces\fb_audio_chunk.h">
      <Filter>interfaces</Filter>
    </ClInclude>
    <ClInclude Include="interfaces\fb_file_info.h">
      <Filter>interfaces</Filter>
    </ClInclude>
    <ClInclude Include="interfaces\fb_metadb_handle.h">
      <Filter>interfaces</Filter>
    </ClInclude>
    <ClInclude Include="interfaces\fb_metadb_handle_list.h">
      <Filter>interfaces</Filter>
    </ClInclude>
    <ClInclude Include="interfaces\fb_metadb_handle_list_iterator.h">
      <Filter>interfaces</Filter>
    </ClInclude>
    <ClInclude Include="interfaces\fb_playback_queue_item.h">
      <Filter>interfaces</Filter>
    </ClInclude>
    <ClInclude Include="interfaces\fb_playlist_recycler.h">
      <Filter>interfaces</Filter>
    </ClInclude>
    <ClInclude Include="interfaces\fb_profiler.h">
      <Filter>interfaces</Filter>
    </ClInclude>
    <ClInclude Include="interfaces\fb_title_format.h">
      <Filter>interfaces</Filter>
    </ClInclude>
    <ClInclude Include="interfaces\fb_tooltip.h">
      <Filter>interfaces</Filter>
    </ClInclude>
    <ClInclude Include="interfaces\fb_ui_selection_holder.h">
      <Filter>interfaces</Filter>
    </ClInclude>
    <ClInclude Include="interfaces\gdi_bitmap.h">
      <Filter>interfaces</Filter>
    </ClInclude>
    <ClInclude Include="interfaces\gdi_font.h">
      <Filter>interfaces</Filter>
    </ClInclude>
    <ClInclude Include="interfaces\gdi_graphics.h">
      <Filter>interfaces</Filter>
    </ClInclude>
    <ClInclude Include="interfaces\gdi_raw_bitmap.h">
      <Filter>interfaces</Filter>
    </ClInclude>
    <ClInclude Include="interfaces\main_menu_manager.h">
      <Filter>interfaces</Filter>
    </ClInclude>
    <ClInclude Include="interfaces\measure_string_info.h">
      <Filter>interfaces</Filter>
    </ClInclude>
    <ClInclude Include="interfaces\menu_object.h">
      <Filter>interfaces</Filter>
    </ClInclude>
    <ClInclude Include="interfaces\theme_manager.h">
      <Filter>interfaces</Filter>
    </ClInclude>
    <ClInclude Include="js_backend\cached_utf8_paths_hack.h">
      <Filter>js_backend</Filter>
    </ClInclude>
    <ClInclude Include="js_backend\com_convert.h">
      <Filter>js_backend</Filter>
    </ClInclude>
    <ClInclude Include="js_backend\global_heap_manager.h">
      <Filter>js_backend</Filter>
    </ClInclude>
    <ClInclude Include="js_backend\global_object.h">
      <Filter>js_backend</Filter>
    </ClInclude>
    <ClInclude Include="js_backend\heartbeat_window.h">
      <Filter>js_backend</Filter>
    </ClInclude>
    <ClInclude Include="js_backend\js_art_helpers.h">
      <Filter>js_backend</Filter>
    </ClInclude>
    <ClInclude Include="js_backend\js_async_task.h">
      <Filter>js_backend</Filter>
    </ClInclude>
    <ClInclude Include="js_backend\js_container.h">
      <Filter>js_backend</Filter>
    </ClInclude>
    <ClInclude Include="js_backend\js_engine.h">
      <Filter>js_backend</Filter>
    </ClInclude>
    <ClInclude Include="js_backend\js_error_helper.h">
      <Filter>js_backend</Filter>
    </ClInclude>
    <ClInclude Include="js_backend\js_error_scope.h">
      <Filter>js_backend</Filter>
    </ClInclude>
    <ClInclude Include="js_backend\js_gc.h">
      <Filter>js_backend</Filter>
    </ClInclude>
    <ClInclude Include="js_backend\js_heap_helper.h">
      <Filter>js_backend</Filter>
    </ClInclude>
    <ClInclude Include="js_backend\js_image_helpers.h">
      <Filter>js_backend</Filter>
    </ClInclude>
    <ClInclude Include="js_backend\js_monitor.h">
      <Filter>js_backend</Filter>
    </ClInclude>
    <ClInclude Include="js_backend\js_object_helper.h">
      <Filter>js_backend</Filter>
    </ClInclude>
    <ClInclude Include="js_backend\js_property_helper.h">
      <Filter>js_backend</Filter>
    </ClInclude>
    <ClInclude Include="js_backend\js_prototype_helpers.h">
      <Filter>js_backend</Filter>
    </ClInclude>
    <ClInclude Include="js_backend\js_realm_inner.h">
      <Filter>js_backend</Filter>
    </ClInclude>
    <ClInclude Include="js_backend\js_script_cache.h">
      <Filter>js_backend</Filter>
    </ClInclude>
    <ClInclude Include="js_backend\js_to_native.h">
      <Filter>js_backend</Filter>
    </ClInclude>
    <ClInclude Include="js_backend\js_to_native_invoker.h">
      <Filter>js_backend</Filter>
    </ClInclude>
    <ClInclude Include="js_backend\native_to_js.h">
      <Filter>js_backend</Filter>
    </ClInclude>
    <ClInclude Include="js_backend\native_to_js_invoker.h">
      <Filter>js_backend</Filter>
    </ClInclude>
    <ClInclude Include="js_backend\object_base.h">
      <Filter>js_backend</Filter>
    </ClInclude>
    <ClInclude Include="js_backend\prototype_ids.h">
      <Filter>js_backend</Filter>
    </ClInclude>
    <ClInclude Include="namespaces\console.h">
      <Filter>namespaces</Filter>
    </ClInclude>
    <ClInclude Include="namespaces\fb.h">
      <Filter>namespaces</Filter>
    </ClInclude>
    <ClInclude Include="namespaces\gdi.h">
      <Filter>namespaces</Filter>
    </ClInclude>
    <ClInclude Include="namespaces\plman.h">
      <Filter>namespaces</Filter>
    </ClInclude>
    <ClInclude Include="namespaces\utils.h">
      <Filter>namespaces</Filter>
    </ClInclude>
    <ClInclude Include="namespaces\window.h">
      <Filter>namespaces</Filter>
    </ClInclude>
    <ClInclude Include="panel\drag_action_params.h">
      <Filter>panel</Filter>
    </ClInclude>
    <ClInclude Include="panel\edit_script.h">
      <Filter>panel</Filter>
    </ClInclude>
    <ClInclude Include="panel\js_panel_window.h">
      <Filter>panel</Filter>
    </ClInclude>
    <ClInclude Include="panel\modal_blocking_scope.h">
      <Filter>panel</Filter>
    </ClInclude>
    <ClInclude Include="panel\user_message.h">
      <Filter>panel</Filter>
    </ClInclude>
    <ClInclude Include="resources\resource.h">
      <Filter>resources</Filter>
    </ClInclude>
    <ClInclude Include="timeout\timeout.h">
      <Filter>timeout</Filter>
    </ClInclude>
    <ClInclude Include="timeout\timeout_executor.h">
      <Filter>timeout</Filter>
    </ClInclude>
    <ClInclude Include="timeout\timeout_manager.h">
      <Filter>timeout</Filter>
    </ClInclude>
    <ClInclude Include="timeout\timer_interface_fwd.h">
      <Filter>timeout</Filter>
    </ClInclude>
    <ClInclude Include="timeout\timer_manager_native.h">
      <Filter>timeout</Filter>
    </ClInclude>
    <ClInclude Include="timeout\timer_native.h">
      <Filter>timeout</Filter>
    </ClInclude>
    <ClInclude Include="ui\ui_edit_in_progress.h">
      <Filter>ui</Filter>
    </ClInclude>
    <ClInclude Include="ui\ui_html.h">
      <Filter>ui</Filter>
    </ClInclude>
    <ClInclude Include="ui\ui_input_box.h">
      <Filter>ui</Filter>
    </ClInclude>
    <ClInclude Include="ui\ui_package_manager.h">
      <Filter>ui</Filter>
    </ClInclude>
    <ClInclude Include="ui\ui_properties.h">
      <Filter>ui</Filter>
    </ClInclude>
    <ClInclude Include="ui\ui_slow_script.h">
      <Filter>ui</Filter>
    </ClInclude>
    <ClInclude Include="ui\ui_conf\ui_conf.h">
      <Filter>ui\ui_conf</Filter>
    </ClInclude>
    <ClInclude Include="ui\ui_conf\ui_conf_tab_package.h">
      <Filter>ui\ui_conf</Filter>
    </ClInclude>
    <ClInclude Include="ui\ui_conf\ui_conf_tab_script_source.h">
      <Filter>ui\ui_conf</Filter>
    </ClInclude>
    <ClInclude Include="utils\colour_helpers.h">
      <Filter>utils</Filter>
    </ClInclude>
    <ClInclude Include="utils\edit_text.h">
      <Filter>utils</Filter>
    </ClInclude>
    <ClInclude Include="utils\error_popup.h">
      <Filter>utils</Filter>
    </ClInclude>
    <ClInclude Include="utils\error_helpers.h">
      <Filter>utils</Filter>
    </ClInclude>
    <ClInclude Include="utils\guid_helpers.h">
      <Filter>utils</Filter>
    </ClInclude>
    <ClInclude Include="utils\hook_handler.h">
      <Filter>utils</Filter>
    </ClInclude>
    <ClInclude Include="utils\image_helpers.h">
      <Filter>utils</Filter>
    </ClInclude>
    <ClInclude Include="utils\js_exception.h">
      <Filter>utils</Filter>
    </ClInclude>
    <ClInclude Include="utils\mainmenu_dynamic.h">
      <Filter>utils</Filter>
    </ClInclude>
    <ClInclude Include="utils\menu_helpers.h">
      <Filter>utils</Filter>
    </ClInclude>
    <ClInclude Include="utils\qwr_exception.h">
      <Filter>utils</Filter>
    </ClInclude>
    <ClInclude Include="utils\thread_pool.h">
      <Filter>utils</Filter>
    </ClInclude>
    <ClInclude Include="utils\type_traits.h">
      <Filter>utils</Filter>
    </ClInclude>
    <ClInclude Include="utils\ui_ddx.h">
      <Filter>utils</Filter>
    </ClInclude>
    <ClInclude Include="utils\unicode.h">
      <Filter>utils</Filter>
    </ClInclude>
    <ClInclude Include="utils\winapi_error_helpers.h">
      <Filter>utils</Filter>
    </ClInclude>
    <ClInclude Include="utils\zip_utils.h">
      <Filter>utils</Filter>
    </ClInclude>
    <ClInclude Include="Component.hpp" />
    <ClInclude Include="GUIDS.hpp" />
    <ClInclude Include="MozJS.hpp" />
    <ClInclude Include="Paths.hpp" />
    <ClInclude Include="PCH.hpp" />
    <ClInclude Include="FB2K\AlbumArtStatic.hpp">
      <Filter>FB2K</Filter>
    </ClInclude>
    <ClInclude Include="FB2K\API.hpp">
      <Filter>FB2K</Filter>
    </ClInclude>
    <ClInclude Include="FB2K\Attach.hpp">
      <Filter>FB2K</Filter>
    </ClInclude>
    <ClInclude Include="FB2K\ContextMenuCommand.hpp">
      <Filter>FB2K</Filter>
    </ClInclude>
    <ClInclude Include="FB2K\FileInfoFilter.hpp">
      <Filter>FB2K</Filter>
    </ClInclude>
    <ClInclude Include="FB2K\MainMenuCommand.hpp">
      <Filter>FB2K</Filter>
    </ClInclude>
    <ClInclude Include="FB2K\PlaylistLock.hpp">
      <Filter>FB2K</Filter>
    </ClInclude>
    <ClInclude Include="FB2K\ProcessLocationsNotify.hpp">
      <Filter>FB2K</Filter>
    </ClInclude>
    <ClInclude Include="FB2K\TagWriter.hpp">
      <Filter>FB2K</Filter>
    </ClInclude>
    <ClInclude Include="Helpers\CustomSort.hpp">
      <Filter>Helpers</Filter>
    </ClInclude>
    <ClInclude Include="Helpers\DirectoryIterator.hpp">
      <Filter>Helpers</Filter>
    </ClInclude>
    <ClInclude Include="Helpers\DownloadFileAsync.hpp">
      <Filter>Helpers</Filter>
    </ClInclude>
    <ClInclude Include="Helpers\EstimateLineWrap.hpp">
      <Filter>Helpers</Filter>
    </ClInclude>
    <ClInclude Include="Helpers\FileDialog.hpp">
      <Filter>Helpers</Filter>
    </ClInclude>
    <ClInclude Include="Helpers\FileHelper.hpp">
      <Filter>Helpers</Filter>
    </ClInclude>
    <ClInclude Include="Helpers\FontHelper.hpp">
      <Filter>Helpers</Filter>
    </ClInclude>
    <ClInclude Include="Helpers\GetAlbumArtAsync.hpp">
      <Filter>Helpers</Filter>
    </ClInclude>
    <ClInclude Include="Helpers\Helpers.hpp">
      <Filter>Helpers</Filter>
    </ClInclude>
    <ClInclude Include="Helpers\HTTPRequestAsync.hpp">
      <Filter>Helpers</Filter>
    </ClInclude>
    <ClInclude Include="Helpers\KMeans.hpp">
      <Filter>Helpers</Filter>
    </ClInclude>
    <ClInclude Include="Helpers\LoadImageAsync.hpp">
      <Filter>Helpers</Filter>
    </ClInclude>
    <ClInclude Include="Helpers\StackBlur.hpp">
      <Filter>Helpers</Filter>
    </ClInclude>
    <ClInclude Include="Helpers\String.hpp">
      <Filter>Helpers</Filter>
    </ClInclude>
    <ClInclude Include="Helpers\TextFile.hpp">
      <Filter>Helpers</Filter>
    </ClInclude>
    <ClInclude Include="Helpers\Scintilla\DialogEditor.hpp">
      <Filter>Helpers\Scintilla</Filter>
    </ClInclude>
    <ClInclude Include="Helpers\Scintilla\DialogFindReplace.hpp">
      <Filter>Helpers\Scintilla</Filter>
    </ClInclude>
    <ClInclude Include="Helpers\Scintilla\DialogGoto.hpp">
      <Filter>Helpers\Scintilla</Filter>
    </ClInclude>
    <ClInclude Include="Helpers\Scintilla\DialogStyle.hpp">
      <Filter>Helpers\Scintilla</Filter>
    </ClInclude>
    <ClInclude Include="Helpers\Scintilla\KeyHook.hpp">
      <Filter>Helpers\Scintilla</Filter>
    </ClInclude>
    <ClInclude Include="Helpers\Scintilla\Scintilla.hpp">
      <Filter>Helpers\Scintilla</Filter>
    </ClInclude>
    <ClInclude Include="Helpers\Scintilla\ScintillaConfig.hpp">
      <Filter>Helpers\Scintilla</Filter>
    </ClInclude>
    <ClInclude Include="Helpers\Scintilla\ScintillaImpl.hpp">
      <Filter>Helpers\Scintilla</Filter>
    </ClInclude>
  </ItemGroup>
  <ItemGroup>
    <None Include="cpp.hint" />
    <None Include="resources\cfgBright.cfg">
      <Filter>resources</Filter>
    </None>
    <None Include="resources\cfgDarkGray.cfg">
      <Filter>resources</Filter>
    </None>
    <None Include="resources\cfgDefault.cfg">
      <Filter>resources</Filter>
    </None>
    <None Include="resources\cfgRubyBlue.cfg">
      <Filter>resources</Filter>
    </None>
    <None Include="resources\default_script.js">
      <Filter>resources</Filter>
    </None>
    <None Include="resources\recovery_package_json.json">
      <Filter>resources</Filter>
    </None>
    <None Include="resources\recovery_package_script.js">
      <Filter>resources</Filter>
    </None>
    <None Include="resources\scintilla_component.api">
      <Filter>resources</Filter>
    </None>
    <None Include="resources\scintilla_js.api">
      <Filter>resources</Filter>
    </None>
  </ItemGroup>
  <ItemGroup>
    <Midl Include="com_utils\com_interface.idl">
      <Filter>com_utils</Filter>
    </Midl>
  </ItemGroup>
  <ItemGroup>
    <ResourceCompile Include="resources\foo_spider_monkey_panel.rc">
      <Filter>resources</Filter>
    </ResourceCompile>
  </ItemGroup>
</Project>